Microsoft Visual Studio Solution File, Format Version 12.00
# Visual Studio Version 16
VisualStudioVersion = 16.0.30413.136
MinimumVisualStudioVersion = 10.0.40219.1
Project("{9A19103F-16F7-4668-BE54-9A1E7A4F7556}") = "GreenAlgo.Server", "GreenAlgo\Server\GreenAlgo.Server.csproj", "{DB598F26-D54E-4AF1-B3C2-C5FDCF1D95CD}"
EndProject
Project("{9A19103F-16F7-4668-BE54-9A1E7A4F7556}") = "GreenAlgo.Client", "GreenAlgo\Client\GreenAlgo.Client.csproj", "{34A6C23C-2983-4351-B943-BD11F6A1F3F7}"
EndProject
Project("{9A19103F-16F7-4668-BE54-9A1E7A4F7556}") = "GreenAlgo.Shared", "GreenAlgo\Shared\GreenAlgo.Shared.csproj", "{5A35D349-0857-4A2E-AB60-36DE245B3578}"
EndProject
Global
	GlobalSection(SolutionConfigurationPlatforms) = preSolution
		Debug|Any CPU = Debug|Any CPU
		Release|Any CPU = Release|Any CPU
	EndGlobalSection
	GlobalSection(ProjectConfigurationPlatforms) = postSolution
		{DB598F26-D54E-4AF1-B3C2-C5FDCF1D95CD}.Debug|Any CPU.ActiveCfg = Debug|Any CPU
		{DB598F26-D54E-4AF1-B3C2-C5FDCF1D95CD}.Debug|Any CPU.Build.0 = Debug|Any CPU
		{DB598F26-D54E-4AF1-B3C2-C5FDCF1D95CD}.Release|Any CPU.ActiveCfg = Release|Any CPU
		{DB598F26-D54E-4AF1-B3C2-C5FDCF1D95CD}.Release|Any CPU.Build.0 = Release|Any CPU
		{34A6C23C-2983-4351-B943-BD11F6A1F3F7}.Debug|Any CPU.ActiveCfg = Debug|Any CPU
		{34A6C23C-2983-4351-B943-BD11F6A1F3F7}.Debug|Any CPU.Build.0 = Debug|Any CPU
		{34A6C23C-2983-4351-B943-BD11F6A1F3F7}.Release|Any CPU.ActiveCfg = Release|Any CPU
		{34A6C23C-2983-4351-B943-BD11F6A1F3F7}.Release|Any CPU.Build.0 = Release|Any CPU
		{5A35D349-0857-4A2E-AB60-36DE245B3578}.Debug|Any CPU.ActiveCfg = Debug|Any CPU
		{5A35D349-0857-4A2E-AB60-36DE245B3578}.Debug|Any CPU.Build.0 = Debug|Any CPU
		{5A35D349-0857-4A2E-AB60-36DE245B3578}.Release|Any CPU.ActiveCfg = Release|Any CPU
		{5A35D349-0857-4A2E-AB60-36DE245B3578}.Release|Any CPU.Build.0 = Release|Any CPU
	EndGlobalSection
	GlobalSection(SolutionProperties) = preSolution
		HideSolutionNode = FALSE
	EndGlobalSection
	GlobalSection(ExtensibilityGlobals) = postSolution
		SolutionGuid = {8EAC3828-A542-4270-B5E5-530B4729A7D6}
	EndGlobalSection
EndGlobal
